
Microsoft Visual Studio Solution File, Format Version 12.00
# Visual Studio Version 17
VisualStudioVersion = 17.4.33205.214
MinimumVisualStudioVersion = 10.0.40219.1
Project("{FAE04EC0-301F-11D3-BF4B-00C04F79EFBC}") = "salutiWebApi", "salutiWebApi\salutiWebApi.csproj", "{3A80779D-E4C1-4DB8-B741-0D88F90DA6F0}"
EndProject
Global
	GlobalSection(SolutionConfigurationPlatforms) = preSolution
		Debug|Any CPU = Debug|Any CPU
		Release|Any CPU = Release|Any CPU
	EndGlobalSection
	GlobalSection(ProjectConfigurationPlatforms) = postSolution
		{3A80779D-E4C1-4DB8-B741-0D88F90DA6F0}.Debug|Any CPU.ActiveCfg = Debug|Any CPU
		{3A80779D-E4C1-4DB8-B741-0D88F90DA6F0}.Debug|Any CPU.Build.0 = Debug|Any CPU
		{3A80779D-E4C1-4DB8-B741-0D88F90DA6F0}.Release|Any CPU.ActiveCfg = Release|Any CPU
		{3A80779D-E4C1-4DB8-B741-0D88F90DA6F0}.Release|Any CPU.Build.0 = Release|Any CPU
	EndGlobalSection
	GlobalSection(SolutionProperties) = preSolution
		HideSolutionNode = FALSE
	EndGlobalSection
	GlobalSection(ExtensibilityGlobals) = postSolution
		SolutionGuid = {7EEE2EBE-1A5B-4E28-B2DF-C7A759573846}
	EndGlobalSection
EndGlobal
